// !$*UTF8*$!
{
	archiveVersion = 1;
	classes = {
	};
	objectVersion = 50;
	objects = {

/* Begin PBXBuildFile section */
		2A017EF82195ECB300D9413E /* AppDelegate.swift in Sources */ = {isa = PBXBuildFile; fileRef = 2A017EF72195ECB300D9413E /* AppDelegate.swift */; };
		2A017EFA2195ECB300D9413E /* ExpensesViewController.swift in Sources */ = {isa = PBXBuildFile; fileRef = 2A017EF92195ECB300D9413E /* ExpensesViewController.swift */; };
		2A017EFD2195ECB300D9413E /* Main.storyboard in Resources */ = {isa = PBXBuildFile; fileRef = 2A017EFB2195ECB300D9413E /* Main.storyboard */; };
		2A017F002195ECB300D9413E /* Un_mes.xcdatamodeld in Sources */ = {isa = PBXBuildFile; fileRef = 2A017EFE2195ECB300D9413E /* Un_mes.xcdatamodeld */; };
		2A017F022195ECB400D9413E /* Assets.xcassets in Resources */ = {isa = PBXBuildFile; fileRef = 2A017F012195ECB400D9413E /* Assets.xcassets */; };
		2A017F052195ECB400D9413E /* LaunchScreen.storyboard in Resources */ = {isa = PBXBuildFile; fileRef = 2A017F032195ECB400D9413E /* LaunchScreen.storyboard */; };
		2A017F0D219C485600D9413E /* PersistenceService.swift in Sources */ = {isa = PBXBuildFile; fileRef = 2A017F0C219C485600D9413E /* PersistenceService.swift */; };
		2A017F10219C5AE000D9413E /* Expenses+CoreDataClass.swift in Sources */ = {isa = PBXBuildFile; fileRef = 2A017F0E219C5AE000D9413E /* Expenses+CoreDataClass.swift */; };
		2A017F11219C5AE000D9413E /* Expenses+CoreDataProperties.swift in Sources */ = {isa = PBXBuildFile; fileRef = 2A017F0F219C5AE000D9413E /* Expenses+CoreDataProperties.swift */; };
		2A017F13219F150700D9413E /* EditExpensesViewController.swift in Sources */ = {isa = PBXBuildFile; fileRef = 2A017F12219F150700D9413E /* EditExpensesViewController.swift */; };
		2AF6C0AE21A8639C00B53B6A /* EditIncomeViewController.swift in Sources */ = {isa = PBXBuildFile; fileRef = 2AF6C0AD21A8639C00B53B6A /* EditIncomeViewController.swift */; };
		EBB8FA271766DAF037C8DDEA /* Pods_Un_mes.framework in Frameworks */ = {isa = PBXBuildFile; fileRef = A34527A29B77CFA7D2B0AA7F /* Pods_Un_mes.framework */; };
/* End PBXBuildFile section */

/* Begin PBXFileReference section */
		2A017EF42195ECB300D9413E /* Un mes.app */ = {isa = PBXFileReference; explicitFileType = wrapper.application; includeInIndex = 0; path = "Un mes.app"; sourceTree = BUILT_PRODUCTS_DIR; };
		2A017EF72195ECB300D9413E /* AppDelegate.swift */ = {isa = PBXFileReference; lastKnownFileType = sourcecode.swift; path = AppDelegate.swift; sourceTree = "<group>"; };
		2A017EF92195ECB300D9413E /* ExpensesViewController.swift */ = {isa = PBXFileReference; lastKnownFileType = sourcecode.swift; path = ExpensesViewController.swift; sourceTree = "<group>"; };
		2A017EFC2195ECB300D9413E /* Base */ = {isa = PBXFileReference; lastKnownFileType = file.storyboard; name = Base; path = Base.lproj/Main.storyboard; sourceTree = "<group>"; };
		2A017EFF2195ECB300D9413E /* Un_mes.xcdatamodel */ = {isa = PBXFileReference; lastKnownFileType = wrapper.xcdatamodel; path = Un_mes.xcdatamodel; sourceTree = "<group>"; };
		2A017F012195ECB400D9413E /* Assets.xcassets */ = {isa = PBXFileReference; lastKnownFileType = folder.assetcatalog; path = Assets.xcassets; sourceTree = "<group>"; };
		2A017F042195ECB400D9413E /* Base */ = {isa = PBXFileReference; lastKnownFileType = file.storyboard; name = Base; path = Base.lproj/LaunchScreen.storyboard; sourceTree = "<group>"; };
		2A017F062195ECB400D9413E /* Info.plist */ = {isa = PBXFileReference; lastKnownFileType = text.plist.xml; path = Info.plist; sourceTree = "<group>"; };
		2A017F0C219C485600D9413E /* PersistenceService.swift */ = {isa = PBXFileReference; lastKnownFileType = sourcecode.swift; path = PersistenceService.swift; sourceTree = "<group>"; };
		2A017F0E219C5AE000D9413E /* Expenses+CoreDataClass.swift */ = {isa = PBXFileReference; lastKnownFileType = sourcecode.swift; path = "Expenses+CoreDataClass.swift"; sourceTree = "<group>"; };
		2A017F0F219C5AE000D9413E /* Expenses+CoreDataProperties.swift */ = {isa = PBXFileReference; lastKnownFileType = sourcecode.swift; path = "Expenses+CoreDataProperties.swift"; sourceTree = "<group>"; };
		2A017F12219F150700D9413E /* EditExpensesViewController.swift */ = {isa = PBXFileReference; lastKnownFileType = sourcecode.swift; path = EditExpensesViewController.swift; sourceTree = "<group>"; };
		2AF6C0AD21A8639C00B53B6A /* EditIncomeViewController.swift */ = {isa = PBXFileReference; lastKnownFileType = sourcecode.swift; path = EditIncomeViewController.swift; sourceTree = "<group>"; };
		61061151279B02AE1927BABA /* Pods-Un mes.debug.xcconfig */ = {isa = PBXFileReference; includeInIndex = 1; lastKnownFileType = text.xcconfig; name = "Pods-Un mes.debug.xcconfig"; path = "Pods/Target Support Files/Pods-Un mes/Pods-Un mes.debug.xcconfig"; sourceTree = "<group>"; };
		A34527A29B77CFA7D2B0AA7F /* Pods_Un_mes.framework */ = {isa = PBXFileReference; explicitFileType = wrapper.framework; includeInIndex = 0; path = Pods_Un_mes.framework; sourceTree = BUILT_PRODUCTS_DIR; };
		DE6E6D7E7D9D7CA8ABAF324F /* Pods-Un mes.release.xcconfig */ = {isa = PBXFileReference; includeInIndex = 1; lastKnownFileType = text.xcconfig; name = "Pods-Un mes.release.xcconfig"; path = "Pods/Target Support Files/Pods-Un mes/Pods-Un mes.release.xcconfig"; sourceTree = "<group>"; };
/* End PBXFileReference section */

/* Begin PBXFrameworksBuildPhase section */
		2A017EF12195ECB300D9413E /* Frameworks */ = {
			isa = PBXFrameworksBuildPhase;
			buildActionMask = 2147483647;
			files = (
				EBB8FA271766DAF037C8DDEA /* Pods_Un_mes.framework in Frameworks */,
			);
			runOnlyForDeploymentPostprocessing = 0;
		};
/* End PBXFrameworksBuildPhase section */

/* Begin PBXGroup section */
		2A017EEB2195ECB300D9413E = {
			isa = PBXGroup;
			children = (
				2A017EF62195ECB300D9413E /* Un mes */,
				2A017EF52195ECB300D9413E /* Products */,
				5BC6C928052DCFE83A74C787 /* Pods */,
				79E59EC2AB97A229A18A3B2A /* Frameworks */,
			);
			sourceTree = "<group>";
		};
		2A017EF52195ECB300D9413E /* Products */ = {
			isa = PBXGroup;
			children = (
				2A017EF42195ECB300D9413E /* Un mes.app */,
			);
			name = Products;
			sourceTree = "<group>";
		};
		2A017EF62195ECB300D9413E /* Un mes */ = {
			isa = PBXGroup;
			children = (
				2ADFCA8C21A6D4600097F464 /* Main */,
				2ADFCA8A21A6D4260097F464 /* Edit  */,
				2ADFCA8B21A6D43D0097F464 /* Core Data */,
				2A017F012195ECB400D9413E /* Assets.xcassets */,
				2A017F032195ECB400D9413E /* LaunchScreen.storyboard */,
				2A017F062195ECB400D9413E /* Info.plist */,
			);
			path = "Un mes";
			sourceTree = "<group>";
		};
		2ADFCA8A21A6D4260097F464 /* Edit  */ = {
			isa = PBXGroup;
			children = (
				2A017F12219F150700D9413E /* EditExpensesViewController.swift */,
				2AF6C0AD21A8639C00B53B6A /* EditIncomeViewController.swift */,
			);
			name = "Edit ";
			path = ..;
			sourceTree = "<group>";
		};
		2ADFCA8B21A6D43D0097F464 /* Core Data */ = {
			isa = PBXGroup;
			children = (
				2A017F0C219C485600D9413E /* PersistenceService.swift */,
				2A017F0F219C5AE000D9413E /* Expenses+CoreDataProperties.swift */,
				2A017F0E219C5AE000D9413E /* Expenses+CoreDataClass.swift */,
				2A017EFE2195ECB300D9413E /* Un_mes.xcdatamodeld */,
			);
			path = "Core Data";
			sourceTree = "<group>";
		};
		2ADFCA8C21A6D4600097F464 /* Main */ = {
			isa = PBXGroup;
			children = (
				2A017EF72195ECB300D9413E /* AppDelegate.swift */,
				2A017EFB2195ECB300D9413E /* Main.storyboard */,
				2A017EF92195ECB300D9413E /* ExpensesViewController.swift */,
			);
			path = Main;
			sourceTree = "<group>";
		};
		5BC6C928052DCFE83A74C787 /* Pods */ = {
			isa = PBXGroup;
			children = (
				61061151279B02AE1927BABA /* Pods-Un mes.debug.xcconfig */,
				DE6E6D7E7D9D7CA8ABAF324F /* Pods-Un mes.release.xcconfig */,
			);
			name = Pods;
			sourceTree = "<group>";
		};
		79E59EC2AB97A229A18A3B2A /* Frameworks */ = {
			isa = PBXGroup;
			children = (
				A34527A29B77CFA7D2B0AA7F /* Pods_Un_mes.framework */,
			);
			name = Frameworks;
			sourceTree = "<group>";
		};
/* End PBXGroup section */

/* Begin PBXNativeTarget section */
		2A017EF32195ECB300D9413E /* Un mes */ = {
			isa = PBXNativeTarget;
			buildConfigurationList = 2A017F092195ECB400D9413E /* Build configuration list for PBXNativeTarget "Un mes" */;
			buildPhases = (
				126089D40863C3848B0AF858 /* [CP] Check Pods Manifest.lock */,
				2A017EF02195ECB300D9413E /* Sources */,
				2A017EF12195ECB300D9413E /* Frameworks */,
				2A017EF22195ECB300D9413E /* Resources */,
				5EBACC1FF5E4B286410C7DA9 /* [CP] Embed Pods Frameworks */,
			);
			buildRules = (
			);
			dependencies = (
			);
			name = "Un mes";
			productName = "Un mes";
			productReference = 2A017EF42195ECB300D9413E /* Un mes.app */;
			productType = "com.apple.product-type.application";
		};
/* End PBXNativeTarget section */

/* Begin PBXProject section */
		2A017EEC2195ECB300D9413E /* Project object */ = {
			isa = PBXProject;
			attributes = {
				LastSwiftUpdateCheck = 1010;
				LastUpgradeCheck = 1010;
				ORGANIZATIONNAME = "Nouman Mehmood";
				TargetAttributes = {
					2A017EF32195ECB300D9413E = {
						CreatedOnToolsVersion = 10.1;
					};
				};
			};
			buildConfigurationList = 2A017EEF2195ECB300D9413E /* Build configuration list for PBXProject "Un mes" */;
			compatibilityVersion = "Xcode 9.3";
			developmentRegion = en;
			hasScannedForEncodings = 0;
			knownRegions = (
				en,
				Base,
			);
			mainGroup = 2A017EEB2195ECB300D9413E;
			productRefGroup = 2A017EF52195ECB300D9413E /* Products */;
			projectDirPath = "";
			projectRoot = "";
			targets = (
				2A017EF32195ECB300D9413E /* Un mes */,
			);
		};
/* End PBXProject section */

/* Begin PBXResourcesBuildPhase section */
		2A017EF22195ECB300D9413E /* Resources */ = {
			isa = PBXResourcesBuildPhase;
			buildActionMask = 2147483647;
			files = (
				2A017F052195ECB400D9413E /* LaunchScreen.storyboard in Resources */,
				2A017F022195ECB400D9413E /* Assets.xcassets in Resources */,
				2A017EFD2195ECB300D9413E /* Main.storyboard in Resources */,
			);
			runOnlyForDeploymentPostprocessing = 0;
		};
/* End PBXResourcesBuildPhase section */

/* Begin PBXShellScriptBuildPhase section */
		126089D40863C3848B0AF858 /* [CP] Check Pods Manifest.lock */ = {
			isa = PBXShellScriptBuildPhase;
			buildActionMask = 2147483647;
			files = (
			);
			inputFileListPaths = (
			);
			inputPaths = (
				"${PODS_PODFILE_DIR_PATH}/Podfile.lock",
				"${PODS_ROOT}/Manifest.lock",
			);
			name = "[CP] Check Pods Manifest.lock";
			outputFileListPaths = (
			);
			outputPaths = (
				"$(DERIVED_FILE_DIR)/Pods-Un mes-checkManifestLockResult.txt",
			);
			runOnlyForDeploymentPostprocessing = 0;
			shellPath = /bin/sh;
			shellScript = "diff \"${PODS_PODFILE_DIR_PATH}/Podfile.lock\" \"${PODS_ROOT}/Manifest.lock\" > /dev/null\nif [ $? != 0 ] ; then\n    # print error to STDERR\n    echo \"error: The sandbox is not in sync with the Podfile.lock. Run 'pod install' or update your CocoaPods installation.\" >&2\n    exit 1\nfi\n# This output is used by Xcode 'outputs' to avoid re-running this script phase.\necho \"SUCCESS\" > \"${SCRIPT_OUTPUT_FILE_0}\"\n";
			showEnvVarsInLog = 0;
		};
		5EBACC1FF5E4B286410C7DA9 /* [CP] Embed Pods Frameworks */ = {
			isa = PBXShellScriptBuildPhase;
			buildActionMask = 2147483647;
			files = (
			);
			inputFileListPaths = (
			);
			inputPaths = (
				"${SRCROOT}/Pods/Target Support Files/Pods-Un mes/Pods-Un mes-frameworks.sh",
				"${BUILT_PRODUCTS_DIR}/DynamicBlurView/DynamicBlurView.framework",
				"${BUILT_PRODUCTS_DIR}/PopupDialog/PopupDialog.framework",
			);
			name = "[CP] Embed Pods Frameworks";
			outputFileListPaths = (
			);
			outputPaths = (
				"${TARGET_BUILD_DIR}/${FRAMEWORKS_FOLDER_PATH}/DynamicBlurView.framework",
				"${TARGET_BUILD_DIR}/${FRAMEWORKS_FOLDER_PATH}/PopupDialog.framework",
			);
			runOnlyForDeploymentPostprocessing = 0;
			shellPath = /bin/sh;
			shellScript = "\"${SRCROOT}/Pods/Target Support Files/Pods-Un mes/Pods-Un mes-frameworks.sh\"\n";
			showEnvVarsInLog = 0;
		};
/* End PBXShellScriptBuildPhase section */

/* Begin PBXSourcesBuildPhase section */
		2A017EF02195ECB300D9413E /* Sources */ = {
			isa = PBXSourcesBuildPhase;
			buildActionMask = 2147483647;
			files = (
				2A017F0D219C485600D9413E /* PersistenceService.swift in Sources */,
				2AF6C0AE21A8639C00B53B6A /* EditIncomeViewController.swift in Sources */,
				2A017F10219C5AE000D9413E /* Expenses+CoreDataClass.swift in Sources */,
				2A017EFA2195ECB300D9413E /* ExpensesViewController.swift in Sources */,
				2A017EF82195ECB300D9413E /* AppDelegate.swift in Sources */,
				2A017F13219F150700D9413E /* EditExpensesViewController.swift in Sources */,
				2A017F11219C5AE000D9413E /* Expenses+CoreDataProperties.swift in Sources */,
				2A017F002195ECB300D9413E /* Un_mes.xcdatamodeld in Sources */,
			);
			runOnlyForDeploymentPostprocessing = 0;
		};
/* End PBXSourcesBuildPhase section */

/* Begin PBXVariantGroup section */
		2A017EFB2195ECB300D9413E /* Main.storyboard */ = {
			isa = PBXVariantGroup;
			children = (
				2A017EFC2195ECB300D9413E /* Base */,
			);
			name = Main.storyboard;
			sourceTree = "<group>";
		};
		2A017F032195ECB400D9413E /* LaunchScreen.storyboard */ = {
			isa = PBXVariantGroup;
			children = (
				2A017F042195ECB400D9413E /* Base */,
			);
			name = LaunchScreen.storyboard;
			sourceTree = "<group>";
		};
/* End PBXVariantGroup section */

/* Begin XCBuildConfiguration section */
		2A017F072195ECB400D9413E /* Debug */ = {
			isa = XCBuildConfiguration;
			buildSettings = {
				ALWAYS_SEARCH_USER_PATHS = NO;
				CLANG_ANALYZER_NONNULL = YES;
				CLANG_ANALYZER_NUMBER_OBJECT_CONVERSION = YES_AGGRESSIVE;
				CLANG_CXX_LANGUAGE_STANDARD = "gnu++14";
				CLANG_CXX_LIBRARY = "libc++";
				CLANG_ENABLE_MODULES = YES;
				CLANG_ENABLE_OBJC_ARC = YES;
				CLANG_ENABLE_OBJC_WEAK = YES;
				CLANG_WARN_BLOCK_CAPTURE_AUTORELEASING = YES;
				CLANG_WARN_BOOL_CONVERSION = YES;
				CLANG_WARN_COMMA = YES;
				CLANG_WARN_CONSTANT_CONVERSION = YES;
				CLANG_WARN_DEPRECATED_OBJC_IMPLEMENTATIONS = YES;
				CLANG_WARN_DIRECT_OBJC_ISA_USAGE = YES_ERROR;
				CLANG_WARN_DOCUMENTATION_COMMENTS = YES;
				CLANG_WARN_EMPTY_BODY = YES;
				CLANG_WARN_ENUM_CONVERSION = YES;
				CLANG_WARN_INFINITE_RECURSION = YES;
				CLANG_WARN_INT_CONVERSION = YES;
				CLANG_WARN_NON_LITERAL_NULL_CONVERSION = YES;
				CLANG_WARN_OBJC_IMPLICIT_RETAIN_SELF = YES;
				CLANG_WARN_OBJC_LITERAL_CONVERSION = YES;
				CLANG_WARN_OBJC_ROOT_CLASS = YES_ERROR;
				CLANG_WARN_RANGE_LOOP_ANALYSIS = YES;
				CLANG_WARN_STRICT_PROTOTYPES = YES;
				CLANG_WARN_SUSPICIOUS_MOVE = YES;
				CLANG_WARN_UNGUARDED_AVAILABILITY = YES_AGGRESSIVE;
				CLANG_WARN_UNREACHABLE_CODE = YES;
				CLANG_WARN__DUPLICATE_METHOD_MATCH = YES;
				CODE_SIGN_IDENTITY = "iPhone Developer";
				COPY_PHASE_STRIP = NO;
				DEBUG_INFORMATION_FORMAT = dwarf;
				ENABLE_STRICT_OBJC_MSGSEND = YES;
				ENABLE_TESTABILITY = YES;
				GCC_C_LANGUAGE_STANDARD = gnu11;
				GCC_DYNAMIC_NO_PIC = NO;
				GCC_NO_COMMON_BLOCKS = YES;
				GCC_OPTIMIZATION_LEVEL = 0;
				GCC_PREPROCESSOR_DEFINITIONS = (
					"DEBUG=1",
					"$(inherited)",
				);
				GCC_WARN_64_TO_32_BIT_CONVERSION = YES;
				GCC_WARN_ABOUT_RETURN_TYPE = YES_ERROR;
				GCC_WARN_UNDECLARED_SELECTOR = YES;
				GCC_WARN_UNINITIALIZED_AUTOS = YES_AGGRESSIVE;
				GCC_WARN_UNUSED_FUNCTION = YES;
				GCC_WARN_UNUSED_VARIABLE = YES;
				IPHONEOS_DEPLOYMENT_TARGET = 12.1;
				MTL_ENABLE_DEBUG_INFO = INCLUDE_SOURCE;
				MTL_FAST_MATH = YES;
				ONLY_ACTIVE_ARCH = YES;
				SDKROOT = iphoneos;
				SWIFT_ACTIVE_COMPILATION_CONDITIONS = DEBUG;
				SWIFT_OPTIMIZATION_LEVEL = "-Onone";
			};
			name = Debug;
		};
		2A017F082195ECB400D9413E /* Release */ = {
			isa = XCBuildConfiguration;
			buildSettings = {
				ALWAYS_SEARCH_USER_PATHS = NO;
				CLANG_ANALYZER_NONNULL = YES;
				CLANG_ANALYZER_NUMBER_OBJECT_CONVERSION = YES_AGGRESSIVE;
				CLANG_CXX_LANGUAGE_STANDARD = "gnu++14";
				CLANG_CXX_LIBRARY = "libc++";
				CLANG_ENABLE_MODULES = YES;
				CLANG_ENABLE_OBJC_ARC = YES;
				CLANG_ENABLE_OBJC_WEAK = YES;
				CLANG_WARN_BLOCK_CAPTURE_AUTORELEASING = YES;
				CLANG_WARN_BOOL_CONVERSION = YES;
				CLANG_WARN_COMMA = YES;
				CLANG_WARN_CONSTANT_CONVERSION = YES;
				CLANG_WARN_DEPRECATED_OBJC_IMPLEMENTATIONS = YES;
				CLANG_WARN_DIRECT_OBJC_ISA_USAGE = YES_ERROR;
				CLANG_WARN_DOCUMENTATION_COMMENTS = YES;
				CLANG_WARN_EMPTY_BODY = YES;
				CLANG_WARN_ENUM_CONVERSION = YES;
				CLANG_WARN_INFINITE_RECURSION = YES;
				CLANG_WARN_INT_CONVERSION = YES;
				CLANG_WARN_NON_LITERAL_NULL_CONVERSION = YES;
				CLANG_WARN_OBJC_IMPLICIT_RETAIN_SELF = YES;
				CLANG_WARN_OBJC_LITERAL_CONVERSION = YES;
				CLANG_WARN_OBJC_ROOT_CLASS = YES_ERROR;
				CLANG_WARN_RANGE_LOOP_ANALYSIS = YES;
				CLANG_WARN_STRICT_PROTOTYPES = YES;
				CLANG_WARN_SUSPICIOUS_MOVE = YES;
				CLANG_WARN_UNGUARDED_AVAILABILITY = YES_AGGRESSIVE;
				CLANG_WARN_UNREACHABLE_CODE = YES;
				CLANG_WARN__DUPLICATE_METHOD_MATCH = YES;
				CODE_SIGN_IDENTITY = "iPhone Developer";
				COPY_PHASE_STRIP = NO;
				DEBUG_INFORMATION_FORMAT = "dwarf-with-dsym";
				ENABLE_NS_ASSERTIONS = NO;
				ENABLE_STRICT_OBJC_MSGSEND = YES;
				GCC_C_LANGUAGE_STANDARD = gnu11;
				GCC_NO_COMMON_BLOCKS = YES;
				GCC_WARN_64_TO_32_BIT_CONVERSION = YES;
				GCC_WARN_ABOUT_RETURN_TYPE = YES_ERROR;
				GCC_WARN_UNDECLARED_SELECTOR = YES;
				GCC_WARN_UNINITIALIZED_AUTOS = YES_AGGRESSIVE;
				GCC_WARN_UNUSED_FUNCTION = YES;
				GCC_WARN_UNUSED_VARIABLE = YES;
				IPHONEOS_DEPLOYMENT_TARGET = 12.1;
				MTL_ENABLE_DEBUG_INFO = NO;
				MTL_FAST_MATH = YES;
				SDKROOT = iphoneos;
				SWIFT_COMPILATION_MODE = wholemodule;
				SWIFT_OPTIMIZATION_LEVEL = "-O";
				VALIDATE_PRODUCT = YES;
			};
			name = Release;
		};
		2A017F0A2195ECB400D9413E /* Debug */ = {
			isa = XCBuildConfiguration;
			baseConfigurationReference = 61061151279B02AE1927BABA /* Pods-Un mes.debug.xcconfig */;
			buildSettings = {
				ASSETCATALOG_COMPILER_APPICON_NAME = AppIcon;
				CODE_SIGN_STYLE = Automatic;
				DEVELOPMENT_TEAM = D949FXATB8;
				INFOPLIST_FILE = "Un mes/Info.plist";
				LD_RUNPATH_SEARCH_PATHS = (
					"$(inherited)",
					"@executable_path/Frameworks",
				);
				PRODUCT_BUNDLE_IDENTIFIER = "com.noumanmehmood.Un-mes-app";
				PRODUCT_NAME = "$(TARGET_NAME)";
				SWIFT_VERSION = 4.2;
				TARGETED_DEVICE_FAMILY = "1,2";
			};
			name = Debug;
		};
		2A017F0B2195ECB400D9413E /* Release */ = {
			isa = XCBuildConfiguration;
			baseConfigurationReference = DE6E6D7E7D9D7CA8ABAF324F /* Pods-Un mes.release.xcconfig */;
			buildSettings = {
				ASSETCATALOG_COMPILER_APPICON_NAME = AppIcon;
				CODE_SIGN_STYLE = Automatic;
				DEVELOPMENT_TEAM = D949FXATB8;
				INFOPLIST_FILE = "Un mes/Info.plist";
				LD_RUNPATH_SEARCH_PATHS = (
					"$(inherited)",
					"@executable_path/Frameworks",
				);
				PRODUCT_BUNDLE_IDENTIFIER = "com.noumanmehmood.Un-mes-app";
				PRODUCT_NAME = "$(TARGET_NAME)";
				SWIFT_VERSION = 4.2;
				TARGETED_DEVICE_FAMILY = "1,2";
			};
			name = Release;
		};
/* End XCBuildConfiguration section */

/* Begin XCConfigurationList section */
		2A017EEF2195ECB300D9413E /* Build configuration list for PBXProject "Un mes" */ = {
			isa = XCConfigurationList;
			buildConfigurations = (
				2A017F072195ECB400D9413E /* Debug */,
				2A017F082195ECB400D9413E /* Release */,
			);
			defaultConfigurationIsVisible = 0;
			defaultConfigurationName = Release;
		};
		2A017F092195ECB400D9413E /* Build configuration list for PBXNativeTarget "Un mes" */ = {
			isa = XCConfigurationList;
			buildConfigurations = (
				2A017F0A2195ECB400D9413E /* Debug */,
				2A017F0B2195ECB400D9413E /* Release */,
			);
			defaultConfigurationIsVisible = 0;
			defaultConfigurationName = Release;
		};
/* End XCConfigurationList section */

/* Begin XCVersionGroup section */
		2A017EFE2195ECB300D9413E /* Un_mes.xcdatamodeld */ = {
			isa = XCVersionGroup;
			children = (
				2A017EFF2195ECB300D9413E /* Un_mes.xcdatamodel */,
			);
			currentVersion = 2A017EFF2195ECB300D9413E /* Un_mes.xcdatamodel */;
			path = Un_mes.xcdatamodeld;
			sourceTree = "<group>";
			versionGroupType = wrapper.xcdatamodel;
		};
/* End XCVersionGroup section */
	};
	rootObject = 2A017EEC2195ECB300D9413E /* Project object */;
}
